
Microsoft Visual Studio Solution File, Format Version 12.00
# Visual Studio 15
VisualStudioVersion = 15.0.27130.2036
MinimumVisualStudioVersion = 10.0.40219.1
Project("{2150E333-8FDC-42A3-9474-1A3956D46DE8}") = "2 - Logic", "2 - Logic", "{EF5CD30F-EA43-4D7F-A336-10A23ABB555E}"
EndProject
Project("{2150E333-8FDC-42A3-9474-1A3956D46DE8}") = "3 - DataAccess", "3 - DataAccess", "{C8E5D5B2-5582-43A9-B9EF-741BDD7F9739}"
EndProject
Project("{FAE04EC0-301F-11D3-BF4B-00C04F79EFBC}") = "Tornado.Logic", "Tornado.Logic\Tornado.Logic.csproj", "{E6E1E6A5-094F-4E50-B1D4-26FCE3A6BE07}"
EndProject
Project("{FAE04EC0-301F-11D3-BF4B-00C04F79EFBC}") = "Tornado.Domain", "Tornado.Domain\Tornado.Domain.csproj", "{4EB4DB67-A81E-4FC1-8D78-7405D478AA1C}"
EndProject
Project("{FAE04EC0-301F-11D3-BF4B-00C04F79EFBC}") = "Tornado.DataAccess", "Tornado.DataAccess\Tornado.DataAccess.csproj", "{4AEADCFD-4430-4B61-B83E-4530DE052FA8}"
EndProject
Project("{2150E333-8FDC-42A3-9474-1A3956D46DE8}") = "0 - Tests", "0 - Tests", "{D75D5BD4-6643-443C-B6E1-F73C30B1D53B}"
EndProject
Project("{2150E333-8FDC-42A3-9474-1A3956D46DE8}") = "1 - API", "1 - API", "{FDE65702-3111-4E9E-8EE9-88B76283E224}"
EndProject
Project("{FAE04EC0-301F-11D3-BF4B-00C04F79EFBC}") = "Tornado.API", "Tornado.API\Tornado.API.csproj", "{AB96DDC8-D4F4-42E9-AEEF-7509C82CD36F}"
EndProject
Project("{FAE04EC0-301F-11D3-BF4B-00C04F79EFBC}") = "Tornado.Api.Tests", "Tornado.Api.Tests\Tornado.Api.Tests.csproj", "{A415DD0A-2AE0-4DBB-A117-440CA6758BF8}"
EndProject
Global
	GlobalSection(SolutionConfigurationPlatforms) = preSolution
		Debug|Any CPU = Debug|Any CPU
		Release|Any CPU = Release|Any CPU
	EndGlobalSection
	GlobalSection(ProjectConfigurationPlatforms) = postSolution
		{E6E1E6A5-094F-4E50-B1D4-26FCE3A6BE07}.Debug|Any CPU.ActiveCfg = Debug|Any CPU
		{E6E1E6A5-094F-4E50-B1D4-26FCE3A6BE07}.Debug|Any CPU.Build.0 = Debug|Any CPU
		{E6E1E6A5-094F-4E50-B1D4-26FCE3A6BE07}.Release|Any CPU.ActiveCfg = Release|Any CPU
		{E6E1E6A5-094F-4E50-B1D4-26FCE3A6BE07}.Release|Any CPU.Build.0 = Release|Any CPU
		{4EB4DB67-A81E-4FC1-8D78-7405D478AA1C}.Debug|Any CPU.ActiveCfg = Debug|Any CPU
		{4EB4DB67-A81E-4FC1-8D78-7405D478AA1C}.Debug|Any CPU.Build.0 = Debug|Any CPU
		{4EB4DB67-A81E-4FC1-8D78-7405D478AA1C}.Release|Any CPU.ActiveCfg = Release|Any CPU
		{4EB4DB67-A81E-4FC1-8D78-7405D478AA1C}.Release|Any CPU.Build.0 = Release|Any CPU
		{4AEADCFD-4430-4B61-B83E-4530DE052FA8}.Debug|Any CPU.ActiveCfg = Debug|Any CPU
		{4AEADCFD-4430-4B61-B83E-4530DE052FA8}.Debug|Any CPU.Build.0 = Debug|Any CPU
		{4AEADCFD-4430-4B61-B83E-4530DE052FA8}.Release|Any CPU.ActiveCfg = Release|Any CPU
		{4AEADCFD-4430-4B61-B83E-4530DE052FA8}.Release|Any CPU.Build.0 = Release|Any CPU
		{AB96DDC8-D4F4-42E9-AEEF-7509C82CD36F}.Debug|Any CPU.ActiveCfg = Debug|Any CPU
		{AB96DDC8-D4F4-42E9-AEEF-7509C82CD36F}.Debug|Any CPU.Build.0 = Debug|Any CPU
		{AB96DDC8-D4F4-42E9-AEEF-7509C82CD36F}.Release|Any CPU.ActiveCfg = Release|Any CPU
		{AB96DDC8-D4F4-42E9-AEEF-7509C82CD36F}.Release|Any CPU.Build.0 = Release|Any CPU
		{A415DD0A-2AE0-4DBB-A117-440CA6758BF8}.Debug|Any CPU.ActiveCfg = Debug|Any CPU
		{A415DD0A-2AE0-4DBB-A117-440CA6758BF8}.Debug|Any CPU.Build.0 = Debug|Any CPU
		{A415DD0A-2AE0-4DBB-A117-440CA6758BF8}.Release|Any CPU.ActiveCfg = Release|Any CPU
		{A415DD0A-2AE0-4DBB-A117-440CA6758BF8}.Release|Any CPU.Build.0 = Release|Any CPU
	EndGlobalSection
	GlobalSection(SolutionProperties) = preSolution
		HideSolutionNode = FALSE
	EndGlobalSection
	GlobalSection(NestedProjects) = preSolution
		{E6E1E6A5-094F-4E50-B1D4-26FCE3A6BE07} = {EF5CD30F-EA43-4D7F-A336-10A23ABB555E}
		{4EB4DB67-A81E-4FC1-8D78-7405D478AA1C} = {EF5CD30F-EA43-4D7F-A336-10A23ABB555E}
		{4AEADCFD-4430-4B61-B83E-4530DE052FA8} = {C8E5D5B2-5582-43A9-B9EF-741BDD7F9739}
		{AB96DDC8-D4F4-42E9-AEEF-7509C82CD36F} = {FDE65702-3111-4E9E-8EE9-88B76283E224}
		{A415DD0A-2AE0-4DBB-A117-440CA6758BF8} = {D75D5BD4-6643-443C-B6E1-F73C30B1D53B}
	EndGlobalSection
	GlobalSection(ExtensibilityGlobals) = postSolution
		SolutionGuid = {0AC634DD-93DE-4D09-A7CC-75833CAF32CA}
	EndGlobalSection
EndGlobal
